SITE
  remote: http://community.opscode.com/api/v1
  specs:
    apt (6.1.0)
    ark (3.1.0)
      build-essential (>= 0.0.0)
      seven_zip (>= 0.0.0)
      windows (>= 0.0.0)
    build-essential (8.0.3)
      mingw (>= 1.1)
      seven_zip (>= 0.0.0)
    compat_resource (12.19.0)
    cron (4.1.2)
      compat_resource (>= 0.0.0)
    dmg (4.0.0)
    git (6.1.0)
      build-essential (>= 0.0.0)
      dmg (>= 0.0.0)
      yum-epel (>= 0.0.0)
    homebrew (4.2.0)
    hostsfile (2.4.5)
    mingw (2.0.1)
      seven_zip (>= 0.0.0)
    nodejs (3.0.0)
      apt (>= 2.9.1)
      ark (>= 0.0.0)
      build-essential (>= 0.0.0)
      homebrew (>= 0.0.0)
      yum-epel (>= 0.0.0)
    ohai (5.1.0)
    openssl (7.1.0)
    postgresql (6.1.1)
      build-essential (>= 2.0.0)
      compat_resource (>= 12.16.3)
      openssl (>= 4.0)
    ruby_build (1.1.0)
      git (>= 0.0.0)
      yum-epel (>= 0.0.0)
    ruby_rbenv (1.2.0)
      ruby_build (>= 1.1.0)
    seven_zip (2.0.2)
      windows (>= 1.2.2)
    system (0.11.2)
      apt (>= 0.0.0)
      cron (>= 0.0.0)
      hostsfile (>= 0.0.0)
    vim (2.0.2)
    windows (3.1.0)
      ohai (>= 4.0.0)
    yum-epel (2.1.1)
      compat_resource (>= 12.16.3)

DEPENDENCIES
  apt (>= 0)
  build-essential (>= 0)
  nodejs (>= 0)
  postgresql (~> 6.1.1)
  ruby_build (>= 0)
  ruby_rbenv (~> 1.2.0)
  system (>= 0)
  vim (>= 0)

